
Microsoft Visual Studio Solution File, Format Version 12.00
# Visual Studio Version 16
VisualStudioVersion = 16.0.30907.101
MinimumVisualStudioVersion = 10.0.40219.1
Project("{FAE04EC0-301F-11D3-BF4B-00C04F79EFBC}") = "WDR_Sample_CSharp", "WDR_Sample_CSharp.csproj", "{33D28ABB-4BB5-42C1-BA29-8E1F357446B2}"
EndProject
Global
	GlobalSection(SolutionConfigurationPlatforms) = preSolution
		Debug|Any CPU = Debug|Any CPU
		Release|Any CPU = Release|Any CPU
	EndGlobalSection
	GlobalSection(ProjectConfigurationPlatforms) = postSolution
		{33D28ABB-4BB5-42C1-BA29-8E1F357446B2}.Debug|Any CPU.ActiveCfg = Debug|Any CPU
		{33D28ABB-4BB5-42C1-BA29-8E1F357446B2}.Debug|Any CPU.Build.0 = Debug|Any CPU
		{33D28ABB-4BB5-42C1-BA29-8E1F357446B2}.Release|Any CPU.ActiveCfg = Release|Any CPU
		{33D28ABB-4BB5-42C1-BA29-8E1F357446B2}.Release|Any CPU.Build.0 = Release|Any CPU
	EndGlobalSection
	GlobalSection(SolutionProperties) = preSolution
		HideSolutionNode = FALSE
	EndGlobalSection
	GlobalSection(ExtensibilityGlobals) = postSolution
		SolutionGuid = {6E370424-D46D-40E1-BF4B-A046ABC8CA34}
	EndGlobalSection
EndGlobal
